
Microsoft Visual Studio Solution File, Format Version 12.00
# Visual Studio Version 16
VisualStudioVersion = 16.0.30907.101
MinimumVisualStudioVersion = 10.0.40219.1
Project("{FAE04EC0-301F-11D3-BF4B-00C04F79EFBC}") = "PlayMusicFromFolder", "PlayMusicFromFolder.csproj", "{0FFCBB05-1614-4149-8263-B83026A3823F}"
EndProject
Global
	GlobalSection(SolutionConfigurationPlatforms) = preSolution
		Debug|Any CPU = Debug|Any CPU
		Release|Any CPU = Release|Any CPU
	EndGlobalSection
	GlobalSection(ProjectConfigurationPlatforms) = postSolution
		{0FFCBB05-1614-4149-8263-B83026A3823F}.Debug|Any CPU.ActiveCfg = Debug|Any CPU
		{0FFCBB05-1614-4149-8263-B83026A3823F}.Debug|Any CPU.Build.0 = Debug|Any CPU
		{0FFCBB05-1614-4149-8263-B83026A3823F}.Release|Any CPU.ActiveCfg = Release|Any CPU
		{0FFCBB05-1614-4149-8263-B83026A3823F}.Release|Any CPU.Build.0 = Release|Any CPU
	EndGlobalSection
	GlobalSection(SolutionProperties) = preSolution
		HideSolutionNode = FALSE
	EndGlobalSection
	GlobalSection(ExtensibilityGlobals) = postSolution
		SolutionGuid = {644A377B-B0BF-4173-B618-057C0D45D3CC}
	EndGlobalSection
EndGlobal
